
Microsoft Visual Studio Solution File, Format Version 12.00
# Visual Studio Version 17
Project("{2150E333-8FDC-42A3-9474-1A3956D46DE8}") = "CMakePredefinedTargets", "CMakePredefinedTargets", "{ED193E32-51CE-310E-BE32-CC16A2A74263}"
EndProject
Project("{8BC9CEB8-8B4A-11D0-8D11-00A0C91BC942}") = "FightClubGame", "FightClubGame.vcxproj", "{1A911940-84D8-337A-B477-F05263E14820}"
	ProjectSection(ProjectDependencies) = postProject
		{ED586466-958D-348C-BFEB-19F172D4A9C6} = {ED586466-958D-348C-BFEB-19F172D4A9C6}
		{788C3B8F-8A1F-3734-9E98-AC1669C61851} = {788C3B8F-8A1F-3734-9E98-AC1669C61851}
	EndProjectSection
EndProject
Project("{8BC9CEB8-8B4A-11D0-8D11-00A0C91BC942}") = "ALL_BUILD", "ALL_BUILD.vcxproj", "{84641DB1-4480-356D-88CA-457AD27A5EC6}"
	ProjectSection(ProjectDependencies) = postProject
		{1A911940-84D8-337A-B477-F05263E14820} = {1A911940-84D8-337A-B477-F05263E14820}
		{ED586466-958D-348C-BFEB-19F172D4A9C6} = {ED586466-958D-348C-BFEB-19F172D4A9C6}
		{ED9A9527-04B1-376B-BDB6-EA84D631C636} = {ED9A9527-04B1-376B-BDB6-EA84D631C636}
		{DC1CC4DC-1411-38E8-8CEC-FCE3339EAFE8} = {DC1CC4DC-1411-38E8-8CEC-FCE3339EAFE8}
		{788C3B8F-8A1F-3734-9E98-AC1669C61851} = {788C3B8F-8A1F-3734-9E98-AC1669C61851}
	EndProjectSection
EndProject
Project("{8BC9CEB8-8B4A-11D0-8D11-00A0C91BC942}") = "FightClubGameLib", "FightClubGameLib.vcxproj", "{ED586466-958D-348C-BFEB-19F172D4A9C6}"
	ProjectSection(ProjectDependencies) = postProject
		{DC1CC4DC-1411-38E8-8CEC-FCE3339EAFE8} = {DC1CC4DC-1411-38E8-8CEC-FCE3339EAFE8}
		{788C3B8F-8A1F-3734-9E98-AC1669C61851} = {788C3B8F-8A1F-3734-9E98-AC1669C61851}
	EndProjectSection
EndProject
Project("{8BC9CEB8-8B4A-11D0-8D11-00A0C91BC942}") = "FightClubGameTestRunner", "FightClubGameTestRunner.vcxproj", "{ED9A9527-04B1-376B-BDB6-EA84D631C636}"
	ProjectSection(ProjectDependencies) = postProject
		{ED586466-958D-348C-BFEB-19F172D4A9C6} = {ED586466-958D-348C-BFEB-19F172D4A9C6}
		{DC1CC4DC-1411-38E8-8CEC-FCE3339EAFE8} = {DC1CC4DC-1411-38E8-8CEC-FCE3339EAFE8}
		{788C3B8F-8A1F-3734-9E98-AC1669C61851} = {788C3B8F-8A1F-3734-9E98-AC1669C61851}
	EndProjectSection
EndProject
Project("{8BC9CEB8-8B4A-11D0-8D11-00A0C91BC942}") = "MathLib", "MathLib.vcxproj", "{DC1CC4DC-1411-38E8-8CEC-FCE3339EAFE8}"
	ProjectSection(ProjectDependencies) = postProject
		{788C3B8F-8A1F-3734-9E98-AC1669C61851} = {788C3B8F-8A1F-3734-9E98-AC1669C61851}
	EndProjectSection
EndProject
Project("{8BC9CEB8-8B4A-11D0-8D11-00A0C91BC942}") = "ZERO_CHECK", "ZERO_CHECK.vcxproj", "{788C3B8F-8A1F-3734-9E98-AC1669C61851}"
	ProjectSection(ProjectDependencies) = postProject
	EndProjectSection
EndProject
Global
	GlobalSection(SolutionConfigurationPlatforms) = preSolution
		Debug|x64 = Debug|x64
		Release|x64 = Release|x64
		MinSizeRel|x64 = MinSizeRel|x64
		RelWithDebInfo|x64 = RelWithDebInfo|x64
	EndGlobalSection
	GlobalSection(ProjectConfigurationPlatforms) = postSolution
		{1A911940-84D8-337A-B477-F05263E14820}.Debug|x64.ActiveCfg = Debug|x64
		{1A911940-84D8-337A-B477-F05263E14820}.Debug|x64.Build.0 = Debug|x64
		{1A911940-84D8-337A-B477-F05263E14820}.Release|x64.ActiveCfg = Release|x64
		{1A911940-84D8-337A-B477-F05263E14820}.Release|x64.Build.0 = Release|x64
		{1A911940-84D8-337A-B477-F05263E14820}.MinSizeRel|x64.ActiveCfg = MinSizeRel|x64
		{1A911940-84D8-337A-B477-F05263E14820}.MinSizeRel|x64.Build.0 = MinSizeRel|x64
		{1A911940-84D8-337A-B477-F05263E14820}.RelWithDebInfo|x64.ActiveCfg = RelWithDebInfo|x64
		{1A911940-84D8-337A-B477-F05263E14820}.RelWithDebInfo|x64.Build.0 = RelWithDebInfo|x64
		{84641DB1-4480-356D-88CA-457AD27A5EC6}.Debug|x64.ActiveCfg = Debug|x64
		{84641DB1-4480-356D-88CA-457AD27A5EC6}.Release|x64.ActiveCfg = Release|x64
		{84641DB1-4480-356D-88CA-457AD27A5EC6}.MinSizeRel|x64.ActiveCfg = MinSizeRel|x64
		{84641DB1-4480-356D-88CA-457AD27A5EC6}.RelWithDebInfo|x64.ActiveCfg = RelWithDebInfo|x64
		{ED586466-958D-348C-BFEB-19F172D4A9C6}.Debug|x64.ActiveCfg = Debug|x64
		{ED586466-958D-348C-BFEB-19F172D4A9C6}.Debug|x64.Build.0 = Debug|x64
		{ED586466-958D-348C-BFEB-19F172D4A9C6}.Release|x64.ActiveCfg = Release|x64
		{ED586466-958D-348C-BFEB-19F172D4A9C6}.Release|x64.Build.0 = Release|x64
		{ED586466-958D-348C-BFEB-19F172D4A9C6}.MinSizeRel|x64.ActiveCfg = MinSizeRel|x64
		{ED586466-958D-348C-BFEB-19F172D4A9C6}.MinSizeRel|x64.Build.0 = MinSizeRel|x64
		{ED586466-958D-348C-BFEB-19F172D4A9C6}.RelWithDebInfo|x64.ActiveCfg = RelWithDebInfo|x64
		{ED586466-958D-348C-BFEB-19F172D4A9C6}.RelWithDebInfo|x64.Build.0 = RelWithDebInfo|x64
		{ED9A9527-04B1-376B-BDB6-EA84D631C636}.Debug|x64.ActiveCfg = Debug|x64
		{ED9A9527-04B1-376B-BDB6-EA84D631C636}.Debug|x64.Build.0 = Debug|x64
		{ED9A9527-04B1-376B-BDB6-EA84D631C636}.Release|x64.ActiveCfg = Release|x64
		{ED9A9527-04B1-376B-BDB6-EA84D631C636}.Release|x64.Build.0 = Release|x64
		{ED9A9527-04B1-376B-BDB6-EA84D631C636}.MinSizeRel|x64.ActiveCfg = MinSizeRel|x64
		{ED9A9527-04B1-376B-BDB6-EA84D631C636}.MinSizeRel|x64.Build.0 = MinSizeRel|x64
		{ED9A9527-04B1-376B-BDB6-EA84D631C636}.RelWithDebInfo|x64.ActiveCfg = RelWithDebInfo|x64
		{ED9A9527-04B1-376B-BDB6-EA84D631C636}.RelWithDebInfo|x64.Build.0 = RelWithDebInfo|x64
		{DC1CC4DC-1411-38E8-8CEC-FCE3339EAFE8}.Debug|x64.ActiveCfg = Debug|x64
		{DC1CC4DC-1411-38E8-8CEC-FCE3339EAFE8}.Debug|x64.Build.0 = Debug|x64
		{DC1CC4DC-1411-38E8-8CEC-FCE3339EAFE8}.Release|x64.ActiveCfg = Release|x64
		{DC1CC4DC-1411-38E8-8CEC-FCE3339EAFE8}.Release|x64.Build.0 = Release|x64
		{DC1CC4DC-1411-38E8-8CEC-FCE3339EAFE8}.MinSizeRel|x64.ActiveCfg = MinSizeRel|x64
		{DC1CC4DC-1411-38E8-8CEC-FCE3339EAFE8}.MinSizeRel|x64.Build.0 = MinSizeRel|x64
		{DC1CC4DC-1411-38E8-8CEC-FCE3339EAFE8}.RelWithDebInfo|x64.ActiveCfg = RelWithDebInfo|x64
		{DC1CC4DC-1411-38E8-8CEC-FCE3339EAFE8}.RelWithDebInfo|x64.Build.0 = RelWithDebInfo|x64
		{788C3B8F-8A1F-3734-9E98-AC1669C61851}.Debug|x64.ActiveCfg = Debug|x64
		{788C3B8F-8A1F-3734-9E98-AC1669C61851}.Debug|x64.Build.0 = Debug|x64
		{788C3B8F-8A1F-3734-9E98-AC1669C61851}.Release|x64.ActiveCfg = Release|x64
		{788C3B8F-8A1F-3734-9E98-AC1669C61851}.Release|x64.Build.0 = Release|x64
		{788C3B8F-8A1F-3734-9E98-AC1669C61851}.MinSizeRel|x64.ActiveCfg = MinSizeRel|x64
		{788C3B8F-8A1F-3734-9E98-AC1669C61851}.MinSizeRel|x64.Build.0 = MinSizeRel|x64
		{788C3B8F-8A1F-3734-9E98-AC1669C61851}.RelWithDebInfo|x64.ActiveCfg = RelWithDebInfo|x64
		{788C3B8F-8A1F-3734-9E98-AC1669C61851}.RelWithDebInfo|x64.Build.0 = RelWithDebInfo|x64
	EndGlobalSection
	GlobalSection(NestedProjects) = preSolution
		{84641DB1-4480-356D-88CA-457AD27A5EC6} = {ED193E32-51CE-310E-BE32-CC16A2A74263}
		{788C3B8F-8A1F-3734-9E98-AC1669C61851} = {ED193E32-51CE-310E-BE32-CC16A2A74263}
	EndGlobalSection
	GlobalSection(ExtensibilityGlobals) = postSolution
		SolutionGuid = {F2657BE0-0C3E-3E68-BEC0-FDC363A22950}
	EndGlobalSection
	GlobalSection(ExtensibilityAddIns) = postSolution
	EndGlobalSection
EndGlobal
