<?xml version="1.0" encoding="utf-8"?>
<Project ToolsVersion="17.0" xmlns="http://schemas.microsoft.com/developer/msbuild/2003">
  <ItemGroup>
    <ClCompile Include="H:\FightClub\Source\Game\Weapon.cpp">
      <Filter>Source files\Game</Filter>
    </ClCompile>
    <ClCompile Include="H:\FightClub\Source\Game\Character.cpp">
      <Filter>Source files\Game</Filter>
    </ClCompile>
  </ItemGroup>
  <ItemGroup>
    <ClInclude Include="H:\FightClub\Source\Game\Weapon.h">
      <Filter>Header files\Game</Filter>
    </ClInclude>
    <ClInclude Include="H:\FightClub\Source\Game\Character.h">
      <Filter>Header files\Game</Filter>
    </ClInclude>
  </ItemGroup>
  <ItemGroup>
    <CustomBuild Include="H:\FightClub\CMakeLists.txt" />
  </ItemGroup>
  <ItemGroup>
    <Filter Include="Header files">
      <UniqueIdentifier>{7A9C8F2C-34C8-3480-B667-A485D342E4E4}</UniqueIdentifier>
    </Filter>
    <Filter Include="Header files\Game">
      <UniqueIdentifier>{42E6890F-AEA5-366C-905C-B8F16D879B4A}</UniqueIdentifier>
    </Filter>
    <Filter Include="Source files">
      <UniqueIdentifier>{2F10AA2E-654B-3E3E-B483-DF9531B3A42C}</UniqueIdentifier>
    </Filter>
    <Filter Include="Source files\Game">
      <UniqueIdentifier>{01EBCBE5-78FA-372A-A742-6FA36F2D55B2}</UniqueIdentifier>
    </Filter>
  </ItemGroup>
</Project>
